// !$*UTF8*$!
{
	archiveVersion = 1;
	classes = {
	};
	objectVersion = 77;
	objects = {

/* Begin PBXContainerItemProxy section */
		47BB3EA22E86A4EB0041C897 /* PBXContainerItemProxy */ = {
			isa = PBXContainerItemProxy;
			containerPortal = 47BB3E8C2E86A4EA0041C897 /* Project object */;
			proxyType = 1;
			remoteGlobalIDString = 47BB3E932E86A4EA0041C897;
			remoteInfo = XmasMarket;
		};
		47BB3EAC2E86A4EB0041C897 /* PBXContainerItemProxy */ = {
			isa = PBXContainerItemProxy;
			containerPortal = 47BB3E8C2E86A4EA0041C897 /* Project object */;
			proxyType = 1;
			remoteGlobalIDString = 47BB3E932E86A4EA0041C897;
			remoteInfo = XmasMarket;
		};
/* End PBXContainerItemProxy section */

/* Begin PBXFileReference section */
		47BB3E942E86A4EA0041C897 /* XmasMarket.app */ = {isa = PBXFileReference; explicitFileType = wrapper.application; includeInIndex = 0; path = XmasMarket.app; sourceTree = BUILT_PRODUCTS_DIR; };
		47BB3EA12E86A4EB0041C897 /* XmasMarketTests.xctest */ = {isa = PBXFileReference; explicitFileType = wrapper.cfbundle; includeInIndex = 0; path = XmasMarketTests.xctest; sourceTree = BUILT_PRODUCTS_DIR; };
		47BB3EAB2E86A4EB0041C897 /* XmasMarketUITests.xctest */ = {isa = PBXFileReference; explicitFileType = wrapper.cfbundle; includeInIndex = 0; path = XmasMarketUITests.xctest; sourceTree = BUILT_PRODUCTS_DIR; };
		47BB3EC52E8AA6590041C897 /* Leipzig.gpx */ = {isa = PBXFileReference; lastKnownFileType = text.xml; name = Leipzig.gpx; path = ../../Downloads/Leipzig.gpx; sourceTree = "<group>"; };
/* End PBXFileReference section */

/* Begin PBXFileSystemSynchronizedBuildFileExceptionSet section */
		47BB3EC42E8AA0150041C897 /* Exceptions for "XmasMarket" folder in "XmasMarket" target */ = {
			isa = PBXFileSystemSynchronizedBuildFileExceptionSet;
			membershipExceptions = (
				Info.plist,
			);
			target = 47BB3E932E86A4EA0041C897 /* XmasMarket */;
		};
/* End PBXFileSystemSynchronizedBuildFileExceptionSet section */

/* Begin PBXFileSystemSynchronizedRootGroup section */
		47BB3E962E86A4EA0041C897 /* XmasMarket */ = {
			isa = PBXFileSystemSynchronizedRootGroup;
			exceptions = (
				47BB3EC42E8AA0150041C897 /* Exceptions for "XmasMarket" folder in "XmasMarket" target */,
			);
			path = XmasMarket;
			sourceTree = "<group>";
		};
		47BB3EA42E86A4EB0041C897 /* XmasMarketTests */ = {
			isa = PBXFileSystemSynchronizedRootGroup;
			path = XmasMarketTests;
			sourceTree = "<group>";
		};
		47BB3EAE2E86A4EB0041C897 /* XmasMarketUITests */ = {
			isa = PBXFileSystemSynchronizedRootGroup;
			path = XmasMarketUITests;
			sourceTree = "<group>";
		};
/* End PBXFileSystemSynchronizedRootGroup section */

/* Begin PBXFrameworksBuildPhase section */
		47BB3E912E86A4EA0041C897 /* Frameworks */ = {
			isa = PBXFrameworksBuildPhase;
			buildActionMask = 2147483647;
			files = (
			);
			runOnlyForDeploymentPostprocessing = 0;
		};
		47BB3E9E2E86A4EB0041C897 /* Frameworks */ = {
			isa = PBXFrameworksBuildPhase;
			buildActionMask = 2147483647;
			files = (
			);
			runOnlyForDeploymentPostprocessing = 0;
		};
		47BB3EA82E86A4EB0041C897 /* Frameworks */ = {
			isa = PBXFrameworksBuildPhase;
			buildActionMask = 2147483647;
			files = (
			);
			runOnlyForDeploymentPostprocessing = 0;
		};
/* End PBXFrameworksBuildPhase section */

/* Begin PBXGroup section */
		47BB3E8B2E86A4EA0041C897 = {
			isa = PBXGroup;
			children = (
				47BB3EC52E8AA6590041C897 /* Leipzig.gpx */,
				47BB3E962E86A4EA0041C897 /* XmasMarket */,
				47BB3EA42E86A4EB0041C897 /* XmasMarketTests */,
				47BB3EAE2E86A4EB0041C897 /* XmasMarketUITests */,
				47BB3E952E86A4EA0041C897 /* Products */,
			);
			sourceTree = "<group>";
		};
		47BB3E952E86A4EA0041C897 /* Products */ = {
			isa = PBXGroup;
			children = (
				47BB3E942E86A4EA0041C897 /* XmasMarket.app */,
				47BB3EA12E86A4EB0041C897 /* XmasMarketTests.xctest */,
				47BB3EAB2E86A4EB0041C897 /* XmasMarketUITests.xctest */,
			);
			name = Products;
			sourceTree = "<group>";
		};
/* End PBXGroup section */

/* Begin PBXNativeTarget section */
		47BB3E932E86A4EA0041C897 /* XmasMarket */ = {
			isa = PBXNativeTarget;
			buildConfigurationList = 47BB3EB52E86A4EB0041C897 /* Build configuration list for PBXNativeTarget "XmasMarket" */;
			buildPhases = (
				47BB3E902E86A4EA0041C897 /* Sources */,
				47BB3E912E86A4EA0041C897 /* Frameworks */,
				47BB3E922E86A4EA0041C897 /* Resources */,
			);
			buildRules = (
			);
			dependencies = (
			);
			fileSystemSynchronizedGroups = (
				47BB3E962E86A4EA0041C897 /* XmasMarket */,
			);
			name = XmasMarket;
			packageProductDependencies = (
			);
			productName = XmasMarket;
			productReference = 47BB3E942E86A4EA0041C897 /* XmasMarket.app */;
			productType = "com.apple.product-type.application";
		};
		47BB3EA02E86A4EB0041C897 /* XmasMarketTests */ = {
			isa = PBXNativeTarget;
			buildConfigurationList = 47BB3EB82E86A4EB0041C897 /* Build configuration list for PBXNativeTarget "XmasMarketTests" */;
			buildPhases = (
				47BB3E9D2E86A4EB0041C897 /* Sources */,
				47BB3E9E2E86A4EB0041C897 /* Frameworks */,
				47BB3E9F2E86A4EB0041C897 /* Resources */,
			);
			buildRules = (
			);
			dependencies = (
				47BB3EA32E86A4EB0041C897 /* PBXTargetDependency */,
			);
			fileSystemSynchronizedGroups = (
				47BB3EA42E86A4EB0041C897 /* XmasMarketTests */,
			);
			name = XmasMarketTests;
			packageProductDependencies = (
			);
			productName = XmasMarketTests;
			productReference = 47BB3EA12E86A4EB0041C897 /* XmasMarketTests.xctest */;
			productType = "com.apple.product-type.bundle.unit-test";
		};
		47BB3EAA2E86A4EB0041C897 /* XmasMarketUITests */ = {
			isa = PBXNativeTarget;
			buildConfigurationList = 47BB3EBB2E86A4EB0041C897 /* Build configuration list for PBXNativeTarget "XmasMarketUITests" */;
			buildPhases = (
				47BB3EA72E86A4EB0041C897 /* Sources */,
				47BB3EA82E86A4EB0041C897 /* Frameworks */,
				47BB3EA92E86A4EB0041C897 /* Resources */,
			);
			buildRules = (
			);
			dependencies = (
				47BB3EAD2E86A4EB0041C897 /* PBXTargetDependency */,
			);
			fileSystemSynchronizedGroups = (
				47BB3EAE2E86A4EB0041C897 /* XmasMarketUITests */,
			);
			name = XmasMarketUITests;
			packageProductDependencies = (
			);
			productName = XmasMarketUITests;
			productReference = 47BB3EAB2E86A4EB0041C897 /* XmasMarketUITests.xctest */;
			productType = "com.apple.product-type.bundle.ui-testing";
		};
/* End PBXNativeTarget section */

/* Begin PBXProject section */
		47BB3E8C2E86A4EA0041C897 /* Project object */ = {
			isa = PBXProject;
			attributes = {
				BuildIndependentTargetsInParallel = 1;
				LastSwiftUpdateCheck = 1630;
				LastUpgradeCheck = 1630;
				TargetAttributes = {
					47BB3E932E86A4EA0041C897 = {
						CreatedOnToolsVersion = 16.3;
					};
					47BB3EA02E86A4EB0041C897 = {
						CreatedOnToolsVersion = 16.3;
						TestTargetID = 47BB3E932E86A4EA0041C897;
					};
					47BB3EAA2E86A4EB0041C897 = {
						CreatedOnToolsVersion = 16.3;
						TestTargetID = 47BB3E932E86A4EA0041C897;
					};
				};
			};
			buildConfigurationList = 47BB3E8F2E86A4EA0041C897 /* Build configuration list for PBXProject "XmasMarket" */;
			developmentRegion = en;
			hasScannedForEncodings = 0;
			knownRegions = (
				en,
				Base,
			);
			mainGroup = 47BB3E8B2E86A4EA0041C897;
			minimizedProjectReferenceProxies = 1;
			preferredProjectObjectVersion = 77;
			productRefGroup = 47BB3E952E86A4EA0041C897 /* Products */;
			projectDirPath = "";
			projectRoot = "";
			targets = (
				47BB3E932E86A4EA0041C897 /* XmasMarket */,
				47BB3EA02E86A4EB0041C897 /* XmasMarketTests */,
				47BB3EAA2E86A4EB0041C897 /* XmasMarketUITests */,
			);
		};
/* End PBXProject section */

/* Begin PBXResourcesBuildPhase section */
		47BB3E922E86A4EA0041C897 /* Resources */ = {
			isa = PBXResourcesBuildPhase;
			buildActionMask = 2147483647;
			files = (
			);
			runOnlyForDeploymentPostprocessing = 0;
		};
		47BB3E9F2E86A4EB0041C897 /* Resources */ = {
			isa = PBXResourcesBuildPhase;
			buildActionMask = 2147483647;
			files = (
			);
			runOnlyForDeploymentPostprocessing = 0;
		};
		47BB3EA92E86A4EB0041C897 /* Resources */ = {
			isa = PBXResourcesBuildPhase;
			buildActionMask = 2147483647;
			files = (
			);
			runOnlyForDeploymentPostprocessing = 0;
		};
/* End PBXResourcesBuildPhase section */

/* Begin PBXSourcesBuildPhase section */
		47BB3E902E86A4EA0041C897 /* Sources */ = {
			isa = PBXSourcesBuildPhase;
			buildActionMask = 2147483647;
			files = (
			);
			runOnlyForDeploymentPostprocessing = 0;
		};
		47BB3E9D2E86A4EB0041C897 /* Sources */ = {
			isa = PBXSourcesBuildPhase;
			buildActionMask = 2147483647;
			files = (
			);
			runOnlyForDeploymentPostprocessing = 0;
		};
		47BB3EA72E86A4EB0041C897 /* Sources */ = {
			isa = PBXSourcesBuildPhase;
			buildActionMask = 2147483647;
			files = (
			);
			runOnlyForDeploymentPostprocessing = 0;
		};
/* End PBXSourcesBuildPhase section */

/* Begin PBXTargetDependency section */
		47BB3EA32E86A4EB0041C897 /* PBXTargetDependency */ = {
			isa = PBXTargetDependency;
			target = 47BB3E932E86A4EA0041C897 /* XmasMarket */;
			targetProxy = 47BB3EA22E86A4EB0041C897 /* PBXContainerItemProxy */;
		};
		47BB3EAD2E86A4EB0041C897 /* PBXTargetDependency */ = {
			isa = PBXTargetDependency;
			target = 47BB3E932E86A4EA0041C897 /* XmasMarket */;
			targetProxy = 47BB3EAC2E86A4EB0041C897 /* PBXContainerItemProxy */;
		};
/* End PBXTargetDependency section */

/* Begin XCBuildConfiguration section */
		47BB3EB32E86A4EB0041C897 /* Debug */ = {
			isa = XCBuildConfiguration;
			buildSettings = {
				ALWAYS_SEARCH_USER_PATHS = NO;
				ASSETCATALOG_COMPILER_GENERATE_SWIFT_ASSET_SYMBOL_EXTENSIONS = YES;
				CLANG_ANALYZER_NONNULL = YES;
				CLANG_ANALYZER_NUMBER_OBJECT_CONVERSION = YES_AGGRESSIVE;
				CLANG_CXX_LANGUAGE_STANDARD = "gnu++20";
				CLANG_ENABLE_MODULES = YES;
				CLANG_ENABLE_OBJC_ARC = YES;
				CLANG_ENABLE_OBJC_WEAK = YES;
				CLANG_WARN_BLOCK_CAPTURE_AUTORELEASING = YES;
				CLANG_WARN_BOOL_CONVERSION = YES;
				CLANG_WARN_COMMA = YES;
				CLANG_WARN_CONSTANT_CONVERSION = YES;
				CLANG_WARN_DEPRECATED_OBJC_IMPLEMENTATIONS = YES;
				CLANG_WARN_DIRECT_OBJC_ISA_USAGE = YES_ERROR;
				CLANG_WARN_DOCUMENTATION_COMMENTS = YES;
				CLANG_WARN_EMPTY_BODY = YES;
				CLANG_WARN_ENUM_CONVERSION = YES;
				CLANG_WARN_INFINITE_RECURSION = YES;
				CLANG_WARN_INT_CONVERSION = YES;
				CLANG_WARN_NON_LITERAL_NULL_CONVERSION = YES;
				CLANG_WARN_OBJC_IMPLICIT_RETAIN_SELF = YES;
				CLANG_WARN_OBJC_LITERAL_CONVERSION = YES;
				CLANG_WARN_OBJC_ROOT_CLASS = YES_ERROR;
				CLANG_WARN_QUOTED_INCLUDE_IN_FRAMEWORK_HEADER = YES;
				CLANG_WARN_RANGE_LOOP_ANALYSIS = YES;
				CLANG_WARN_STRICT_PROTOTYPES = YES;
				CLANG_WARN_SUSPICIOUS_MOVE = YES;
				CLANG_WARN_UNGUARDED_AVAILABILITY = YES_AGGRESSIVE;
				CLANG_WARN_UNREACHABLE_CODE = YES;
				CLANG_WARN__DUPLICATE_METHOD_MATCH = YES;
				COPY_PHASE_STRIP = NO;
				DEBUG_INFORMATION_FORMAT = dwarf;
				DEVELOPMENT_TEAM = DDB4B3JQY5;
				ENABLE_STRICT_OBJC_MSGSEND = YES;
				ENABLE_TESTABILITY = YES;
				ENABLE_USER_SCRIPT_SANDBOXING = YES;
				GCC_C_LANGUAGE_STANDARD = gnu17;
				GCC_DYNAMIC_NO_PIC = NO;
				GCC_NO_COMMON_BLOCKS = YES;
				GCC_OPTIMIZATION_LEVEL = 0;
				GCC_PREPROCESSOR_DEFINITIONS = (
					"DEBUG=1",
					"$(inherited)",
				);
				GCC_WARN_64_TO_32_BIT_CONVERSION = YES;
				GCC_WARN_ABOUT_RETURN_TYPE = YES_ERROR;
				GCC_WARN_UNDECLARED_SELECTOR = YES;
				GCC_WARN_UNINITIALIZED_AUTOS = YES_AGGRESSIVE;
				GCC_WARN_UNUSED_FUNCTION = YES;
				GCC_WARN_UNUSED_VARIABLE = YES;
				IPHONEOS_DEPLOYMENT_TARGET = 18.4;
				LOCALIZATION_PREFERS_STRING_CATALOGS = YES;
				MTL_ENABLE_DEBUG_INFO = INCLUDE_SOURCE;
				MTL_FAST_MATH = YES;
				ONLY_ACTIVE_ARCH = YES;
				SDKROOT = iphoneos;
				SWIFT_ACTIVE_COMPILATION_CONDITIONS = "DEBUG $(inherited)";
				SWIFT_OPTIMIZATION_LEVEL = "-Onone";
			};
			name = Debug;
		};
		47BB3EB42E86A4EB0041C897 /* Release */ = {
			isa = XCBuildConfiguration;
			buildSettings = {
				ALWAYS_SEARCH_USER_PATHS = NO;
				ASSETCATALOG_COMPILER_GENERATE_SWIFT_ASSET_SYMBOL_EXTENSIONS = YES;
				CLANG_ANALYZER_NONNULL = YES;
				CLANG_ANALYZER_NUMBER_OBJECT_CONVERSION = YES_AGGRESSIVE;
				CLANG_CXX_LANGUAGE_STANDARD = "gnu++20";
				CLANG_ENABLE_MODULES = YES;
				CLANG_ENABLE_OBJC_ARC = YES;
				CLANG_ENABLE_OBJC_WEAK = YES;
				CLANG_WARN_BLOCK_CAPTURE_AUTORELEASING = YES;
				CLANG_WARN_BOOL_CONVERSION = YES;
				CLANG_WARN_COMMA = YES;
				CLANG_WARN_CONSTANT_CONVERSION = YES;
				CLANG_WARN_DEPRECATED_OBJC_IMPLEMENTATIONS = YES;
				CLANG_WARN_DIRECT_OBJC_ISA_USAGE = YES_ERROR;
				CLANG_WARN_DOCUMENTATION_COMMENTS = YES;
				CLANG_WARN_EMPTY_BODY = YES;
				CLANG_WARN_ENUM_CONVERSION = YES;
				CLANG_WARN_INFINITE_RECURSION = YES;
				CLANG_WARN_INT_CONVERSION = YES;
				CLANG_WARN_NON_LITERAL_NULL_CONVERSION = YES;
				CLANG_WARN_OBJC_IMPLICIT_RETAIN_SELF = YES;
				CLANG_WARN_OBJC_LITERAL_CONVERSION = YES;
				CLANG_WARN_OBJC_ROOT_CLASS = YES_ERROR;
				CLANG_WARN_QUOTED_INCLUDE_IN_FRAMEWORK_HEADER = YES;
				CLANG_WARN_RANGE_LOOP_ANALYSIS = YES;
				CLANG_WARN_STRICT_PROTOTYPES = YES;
				CLANG_WARN_SUSPICIOUS_MOVE = YES;
				CLANG_WARN_UNGUARDED_AVAILABILITY = YES_AGGRESSIVE;
				CLANG_WARN_UNREACHABLE_CODE = YES;
				CLANG_WARN__DUPLICATE_METHOD_MATCH = YES;
				COPY_PHASE_STRIP = NO;
				DEBUG_INFORMATION_FORMAT = "dwarf-with-dsym";
				DEVELOPMENT_TEAM = DDB4B3JQY5;
				ENABLE_NS_ASSERTIONS = NO;
				ENABLE_STRICT_OBJC_MSGSEND = YES;
				ENABLE_USER_SCRIPT_SANDBOXING = YES;
				GCC_C_LANGUAGE_STANDARD = gnu17;
				GCC_NO_COMMON_BLOCKS = YES;
				GCC_WARN_64_TO_32_BIT_CONVERSION = YES;
				GCC_WARN_ABOUT_RETURN_TYPE = YES_ERROR;
				GCC_WARN_UNDECLARED_SELECTOR = YES;
				GCC_WARN_UNINITIALIZED_AUTOS = YES_AGGRESSIVE;
				GCC_WARN_UNUSED_FUNCTION = YES;
				GCC_WARN_UNUSED_VARIABLE = YES;
				IPHONEOS_DEPLOYMENT_TARGET = 18.4;
				LOCALIZATION_PREFERS_STRING_CATALOGS = YES;
				MTL_ENABLE_DEBUG_INFO = NO;
				MTL_FAST_MATH = YES;
				SDKROOT = iphoneos;
				SWIFT_COMPILATION_MODE = wholemodule;
				VALIDATE_PRODUCT = YES;
			};
			name = Release;
		};
		47BB3EB62E86A4EB0041C897 /* Debug */ = {
			isa = XCBuildConfiguration;
			buildSettings = {
				ASSETCATALOG_COMPILER_APPICON_NAME = AppIcon;
				ASSETCATALOG_COMPILER_GLOBAL_ACCENT_COLOR_NAME = AccentColor;
				CODE_SIGN_STYLE = Automatic;
				CURRENT_PROJECT_VERSION = 1;
				DEVELOPMENT_TEAM = DDB4B3JQY5;
				ENABLE_PREVIEWS = YES;
				GENERATE_INFOPLIST_FILE = YES;
				INFOPLIST_FILE = XmasMarket/Info.plist;
				INFOPLIST_KEY_UIApplicationSceneManifest_Generation = YES;
				INFOPLIST_KEY_UIApplicationSupportsIndirectInputEvents = YES;
				INFOPLIST_KEY_UILaunchScreen_Generation = YES;
				INFOPLIST_KEY_UISupportedInterfaceOrientations_iPad = "UIInterfaceOrientationPortrait UIInterfaceOrientationPortraitUpsideDown UIInterfaceOrientationLandscapeLeft UIInterfaceOrientationLandscapeRight";
				INFOPLIST_KEY_UISupportedInterfaceOrientations_iPhone = "UIInterfaceOrientationPortrait UIInterfaceOrientationLandscapeLeft UIInterfaceOrientationLandscapeRight";
				LD_RUNPATH_SEARCH_PATHS = (
					"$(inherited)",
					"@executable_path/Frameworks",
				);
				MARKETING_VERSION = 1.0;
				PRODUCT_BUNDLE_IDENTIFIER = com.jonweske.XmasMarket;
				PRODUCT_NAME = "$(TARGET_NAME)";
				SWIFT_EMIT_LOC_STRINGS = YES;
				SWIFT_VERSION = 5.0;
				TARGETED_DEVICE_FAMILY = "1,2";
			};
			name = Debug;
		};
		47BB3EB72E86A4EB0041C897 /* Release */ = {
			isa = XCBuildConfiguration;
			buildSettings = {
				ASSETCATALOG_COMPILER_APPICON_NAME = AppIcon;
				ASSETCATALOG_COMPILER_GLOBAL_ACCENT_COLOR_NAME = AccentColor;
				CODE_SIGN_STYLE = Automatic;
				CURRENT_PROJECT_VERSION = 1;
				DEVELOPMENT_TEAM = DDB4B3JQY5;
				ENABLE_PREVIEWS = YES;
				GENERATE_INFOPLIST_FILE = YES;
				INFOPLIST_FILE = XmasMarket/Info.plist;
				INFOPLIST_KEY_UIApplicationSceneManifest_Generation = YES;
				INFOPLIST_KEY_UIApplicationSupportsIndirectInputEvents = YES;
				INFOPLIST_KEY_UILaunchScreen_Generation = YES;
				INFOPLIST_KEY_UISupportedInterfaceOrientations_iPad = "UIInterfaceOrientationPortrait UIInterfaceOrientationPortraitUpsideDown UIInterfaceOrientationLandscapeLeft UIInterfaceOrientationLandscapeRight";
				INFOPLIST_KEY_UISupportedInterfaceOrientations_iPhone = "UIInterfaceOrientationPortrait UIInterfaceOrientationLandscapeLeft UIInterfaceOrientationLandscapeRight";
				LD_RUNPATH_SEARCH_PATHS = (
					"$(inherited)",
					"@executable_path/Frameworks",
				);
				MARKETING_VERSION = 1.0;
				PRODUCT_BUNDLE_IDENTIFIER = com.jonweske.XmasMarket;
				PRODUCT_NAME = "$(TARGET_NAME)";
				SWIFT_EMIT_LOC_STRINGS = YES;
				SWIFT_VERSION = 5.0;
				TARGETED_DEVICE_FAMILY = "1,2";
			};
			name = Release;
		};
		47BB3EB92E86A4EB0041C897 /* Debug */ = {
			isa = XCBuildConfiguration;
			buildSettings = {
				BUNDLE_LOADER = "$(TEST_HOST)";
				CODE_SIGN_STYLE = Automatic;
				CURRENT_PROJECT_VERSION = 1;
				DEVELOPMENT_TEAM = DDB4B3JQY5;
				GENERATE_INFOPLIST_FILE = YES;
				IPHONEOS_DEPLOYMENT_TARGET = 18.4;
				MARKETING_VERSION = 1.0;
				PRODUCT_BUNDLE_IDENTIFIER = com.jonweske.XmasMarketTests;
				PRODUCT_NAME = "$(TARGET_NAME)";
				SWIFT_EMIT_LOC_STRINGS = NO;
				SWIFT_VERSION = 5.0;
				TARGETED_DEVICE_FAMILY = "1,2";
				TEST_HOST = "$(BUILT_PRODUCTS_DIR)/XmasMarket.app/$(BUNDLE_EXECUTABLE_FOLDER_PATH)/XmasMarket";
			};
			name = Debug;
		};
		47BB3EBA2E86A4EB0041C897 /* Release */ = {
			isa = XCBuildConfiguration;
			buildSettings = {
				BUNDLE_LOADER = "$(TEST_HOST)";
				CODE_SIGN_STYLE = Automatic;
				CURRENT_PROJECT_VERSION = 1;
				DEVELOPMENT_TEAM = DDB4B3JQY5;
				GENERATE_INFOPLIST_FILE = YES;
				IPHONEOS_DEPLOYMENT_TARGET = 18.4;
				MARKETING_VERSION = 1.0;
				PRODUCT_BUNDLE_IDENTIFIER = com.jonweske.XmasMarketTests;
				PRODUCT_NAME = "$(TARGET_NAME)";
				SWIFT_EMIT_LOC_STRINGS = NO;
				SWIFT_VERSION = 5.0;
				TARGETED_DEVICE_FAMILY = "1,2";
				TEST_HOST = "$(BUILT_PRODUCTS_DIR)/XmasMarket.app/$(BUNDLE_EXECUTABLE_FOLDER_PATH)/XmasMarket";
			};
			name = Release;
		};
		47BB3EBC2E86A4EB0041C897 /* Debug */ = {
			isa = XCBuildConfiguration;
			buildSettings = {
				CODE_SIGN_STYLE = Automatic;
				CURRENT_PROJECT_VERSION = 1;
				DEVELOPMENT_TEAM = DDB4B3JQY5;
				GENERATE_INFOPLIST_FILE = YES;
				MARKETING_VERSION = 1.0;
				PRODUCT_BUNDLE_IDENTIFIER = com.jonweske.XmasMarketUITests;
				PRODUCT_NAME = "$(TARGET_NAME)";
				SWIFT_EMIT_LOC_STRINGS = NO;
				SWIFT_VERSION = 5.0;
				TARGETED_DEVICE_FAMILY = "1,2";
				TEST_TARGET_NAME = XmasMarket;
			};
			name = Debug;
		};
		47BB3EBD2E86A4EB0041C897 /* Release */ = {
			isa = XCBuildConfiguration;
			buildSettings = {
				CODE_SIGN_STYLE = Automatic;
				CURRENT_PROJECT_VERSION = 1;
				DEVELOPMENT_TEAM = DDB4B3JQY5;
				GENERATE_INFOPLIST_FILE = YES;
				MARKETING_VERSION = 1.0;
				PRODUCT_BUNDLE_IDENTIFIER = com.jonweske.XmasMarketUITests;
				PRODUCT_NAME = "$(TARGET_NAME)";
				SWIFT_EMIT_LOC_STRINGS = NO;
				SWIFT_VERSION = 5.0;
				TARGETED_DEVICE_FAMILY = "1,2";
				TEST_TARGET_NAME = XmasMarket;
			};
			name = Release;
		};
/* End XCBuildConfiguration section */

/* Begin XCConfigurationList section */
		47BB3E8F2E86A4EA0041C897 /* Build configuration list for PBXProject "XmasMarket" */ = {
			isa = XCConfigurationList;
			buildConfigurations = (
				47BB3EB32E86A4EB0041C897 /* Debug */,
				47BB3EB42E86A4EB0041C897 /* Release */,
			);
			defaultConfigurationIsVisible = 0;
			defaultConfigurationName = Release;
		};
		47BB3EB52E86A4EB0041C897 /* Build configuration list for PBXNativeTarget "XmasMarket" */ = {
			isa = XCConfigurationList;
			buildConfigurations = (
				47BB3EB62E86A4EB0041C897 /* Debug */,
				47BB3EB72E86A4EB0041C897 /* Release */,
			);
			defaultConfigurationIsVisible = 0;
			defaultConfigurationName = Release;
		};
		47BB3EB82E86A4EB0041C897 /* Build configuration list for PBXNativeTarget "XmasMarketTests" */ = {
			isa = XCConfigurationList;
			buildConfigurations = (
				47BB3EB92E86A4EB0041C897 /* Debug */,
				47BB3EBA2E86A4EB0041C897 /* Release */,
			);
			defaultConfigurationIsVisible = 0;
			defaultConfigurationName = Release;
		};
		47BB3EBB2E86A4EB0041C897 /* Build configuration list for PBXNativeTarget "XmasMarketUITests" */ = {
			isa = XCConfigurationList;
			buildConfigurations = (
				47BB3EBC2E86A4EB0041C897 /* Debug */,
				47BB3EBD2E86A4EB0041C897 /* Release */,
			);
			defaultConfigurationIsVisible = 0;
			defaultConfigurationName = Release;
		};
/* End XCConfigurationList section */
	};
	rootObject = 47BB3E8C2E86A4EA0041C897 /* Project object */;
}
